{
  "nodes": {
    "darwin": {
      "inputs": {
        "nixpkgs": [
          "nixpkgs"
        ]
      },
      "locked": {
        "lastModified": 1671891118,
        "narHash": "sha256-+GJYiT7QbfA306ex4sGMlFB8Ts297pn3OdQ9kTd4aDw=",
        "owner": "lnl7",
        "repo": "nix-darwin",
        "rev": "267040e7a2b8644f1fdfcf57b7e808c286dbdc7b",
        "type": "github"
      },
      "original": {
        "owner": "lnl7",
        "ref": "master",
        "repo": "nix-darwin",
        "type": "github"
      }
    },
    "emacs": {
      "inputs": {
        "emacs-src": "emacs-src",
        "emacs-vterm-src": "emacs-vterm-src",
        "nixpkgs": "nixpkgs"
      },
      "locked": {
        "lastModified": 1671845135,
        "narHash": "sha256-MzPcv4qfYWHD8IcLtngJACWYrGjmNshYzyoF4KW3VcU=",
        "owner": "cmacrae",
        "repo": "emacs",
        "rev": "40c7236cdfb8e76fd367eb9c25b8d62d909e4a02",
        "type": "github"
      },
      "original": {
        "owner": "cmacrae",
        "repo": "emacs",
        "type": "github"
      }
    },
    "emacs-src": {
      "flake": false,
      "locked": {
        "lastModified": 1671816070,
        "narHash": "sha256-Yqlv0HmrTTVql/IK6DIAfgJbgK9ajblXp4WSoZm0leI=",
        "owner": "emacs-mirror",
        "repo": "emacs",
        "rev": "a5d39e11443fa30c8e8bc58254a1a59550dcd99e",
        "type": "github"
      },
      "original": {
        "owner": "emacs-mirror",
        "repo": "emacs",
        "type": "github"
      }
    },
    "emacs-vterm-src": {
      "flake": false,
      "locked": {
        "lastModified": 1668779692,
        "narHash": "sha256-dNW3eXgFgah7eIug+MqXTl59HfSbM5HLKwHdp1CAmyo=",
        "owner": "akermu",
        "repo": "emacs-libvterm",
        "rev": "f14d113ee4618f052879509ec378feb9766b871b",
        "type": "github"
      },
      "original": {
        "owner": "akermu",
        "repo": "emacs-libvterm",
        "type": "github"
      }
    },
    "nixpkgs": {
      "locked": {
        "lastModified": 1671788672,
        "narHash": "sha256-tLkPxJuos3jki2f/TZdHn+NuMQAzN9s2E4QudylQLg0=",
        "owner": "nixos",
        "repo": "nixpkgs",
        "rev": "2c74fcd6c5fc14a61de158fb796243543f46b217",
        "type": "github"
      },
      "original": {
        "owner": "nixos",
        "ref": "nixpkgs-unstable",
        "repo": "nixpkgs",
        "type": "github"
      }
    },
    "nixpkgs-stable": {
      "locked": {
        "lastModified": 1671813978,
        "narHash": "sha256-oo4we+9IO1D+QS1mOSNh08l9ABDPWLyqvNC0DD0QtZM=",
        "owner": "nixos",
        "repo": "nixpkgs",
        "rev": "79e63f30ed2ff36cd0d9c2f7dadae5925c1a65db",
        "type": "github"
      },
      "original": {
        "owner": "nixos",
        "ref": "nixpkgs-22.05-darwin",
        "repo": "nixpkgs",
        "type": "github"
      }
    },
    "nixpkgs_2": {
      "locked": {
        "lastModified": 1671848398,
        "narHash": "sha256-cJIIPd1kvCI6ne/S0facbiBNH7sZUzk405GfdSJPwZE=",
        "owner": "nixos",
        "repo": "nixpkgs",
        "rev": "bb0359be0a1a08c8d74412fe8c69aa2ffb3f477e",
        "type": "github"
      },
      "original": {
        "owner": "nixos",
        "ref": "nixpkgs-unstable",
        "repo": "nixpkgs",
        "type": "github"
      }
    },
    "root": {
      "inputs": {
        "darwin": "darwin",
        "emacs": "emacs",
        "nixpkgs": "nixpkgs_2",
        "nixpkgs-stable": "nixpkgs-stable"
      }
    }
  },
  "root": "root",
  "version": 7
}
